// !$*UTF8*$!
{
	archiveVersion = 1;
	classes = {
	};
	objectVersion = 46;
	objects = {

/* Begin PBXBuildFile section */
		4807F75103AA91C2D3B76673 /* libPods-EISAir.a in Frameworks */ = {isa = PBXBuildFile; fileRef = 96388FFD4F742D805950B839 /* libPods-EISAir.a */; };
		6E6885321F433C49009AD662 /* main.m in Sources */ = {isa = PBXBuildFile; fileRef = 6E6885311F433C49009AD662 /* main.m */; };
		6E6885351F433C49009AD662 /* AppDelegate.m in Sources */ = {isa = PBXBuildFile; fileRef = 6E6885341F433C49009AD662 /* AppDelegate.m */; };
		6E6885381F433C49009AD662 /* ViewController.m in Sources */ = {isa = PBXBuildFile; fileRef = 6E6885371F433C49009AD662 /* ViewController.m */; };
		6E68853B1F433C49009AD662 /* Main.storyboard in Resources */ = {isa = PBXBuildFile; fileRef = 6E6885391F433C49009AD662 /* Main.storyboard */; };
		6E68853D1F433C49009AD662 /* Assets.xcassets in Resources */ = {isa = PBXBuildFile; fileRef = 6E68853C1F433C49009AD662 /* Assets.xcassets */; };
		6E6885401F433C49009AD662 /* LaunchScreen.storyboard in Resources */ = {isa = PBXBuildFile; fileRef = 6E68853E1F433C49009AD662 /* LaunchScreen.storyboard */; };
		6E68854B1F433C49009AD662 /* EISAirTests.m in Sources */ = {isa = PBXBuildFile; fileRef = 6E68854A1F433C49009AD662 /* EISAirTests.m */; };
		D76E41A2EC52C372D1DDD67C /* libPods-EISAirTests.a in Frameworks */ = {isa = PBXBuildFile; fileRef = 584BFDFE3D1AE1185885EF76 /* libPods-EISAirTests.a */; };
/* End PBXBuildFile section */

/* Begin PBXContainerItemProxy section */
		6E6885471F433C49009AD662 /* PBXContainerItemProxy */ = {
			isa = PBXContainerItemProxy;
			containerPortal = 6E6885251F433C49009AD662 /* Project object */;
			proxyType = 1;
			remoteGlobalIDString = 6E68852C1F433C49009AD662;
			remoteInfo = EISAir;
		};
/* End PBXContainerItemProxy section */

/* Begin PBXFileReference section */
		1E156D4ED41BBA69BD14DE38 /* Pods-EISAirTests.release.xcconfig */ = {isa = PBXFileReference; includeInIndex = 1; lastKnownFileType = text.xcconfig; name = "Pods-EISAirTests.release.xcconfig"; path = "Pods/Target Support Files/Pods-EISAirTests/Pods-EISAirTests.release.xcconfig"; sourceTree = "<group>"; };
		584BFDFE3D1AE1185885EF76 /* libPods-EISAirTests.a */ = {isa = PBXFileReference; explicitFileType = archive.ar; includeInIndex = 0; path = "libPods-EISAirTests.a"; sourceTree = BUILT_PRODUCTS_DIR; };
		6E68852D1F433C49009AD662 /* EISAir.app */ = {isa = PBXFileReference; explicitFileType = wrapper.application; includeInIndex = 0; path = EISAir.app; sourceTree = BUILT_PRODUCTS_DIR; };
		6E6885311F433C49009AD662 /* main.m */ = {isa = PBXFileReference; lastKnownFileType = sourcecode.c.objc; path = main.m; sourceTree = "<group>"; };
		6E6885331F433C49009AD662 /* AppDelegate.h */ = {isa = PBXFileReference; lastKnownFileType = sourcecode.c.h; path = AppDelegate.h; sourceTree = "<group>"; };
		6E6885341F433C49009AD662 /* AppDelegate.m */ = {isa = PBXFileReference; lastKnownFileType = sourcecode.c.objc; path = AppDelegate.m; sourceTree = "<group>"; };
		6E6885361F433C49009AD662 /* ViewController.h */ = {isa = PBXFileReference; lastKnownFileType = sourcecode.c.h; path = ViewController.h; sourceTree = "<group>"; };
		6E6885371F433C49009AD662 /* ViewController.m */ = {isa = PBXFileReference; lastKnownFileType = sourcecode.c.objc; path = ViewController.m; sourceTree = "<group>"; };
		6E68853A1F433C49009AD662 /* Base */ = {isa = PBXFileReference; lastKnownFileType = file.storyboard; name = Base; path = Base.lproj/Main.storyboard; sourceTree = "<group>"; };
		6E68853C1F433C49009AD662 /* Assets.xcassets */ = {isa = PBXFileReference; lastKnownFileType = folder.assetcatalog; path = Assets.xcassets; sourceTree = "<group>"; };
		6E68853F1F433C49009AD662 /* Base */ = {isa = PBXFileReference; lastKnownFileType = file.storyboard; name = Base; path = Base.lproj/LaunchScreen.storyboard; sourceTree = "<group>"; };
		6E6885411F433C49009AD662 /* Info.plist */ = {isa = PBXFileReference; lastKnownFileType = text.plist.xml; path = Info.plist; sourceTree = "<group>"; };
		6E6885461F433C49009AD662 /* EISAirTests.xctest */ = {isa = PBXFileReference; explicitFileType = wrapper.cfbundle; includeInIndex = 0; path = EISAirTests.xctest; sourceTree = BUILT_PRODUCTS_DIR; };
		6E68854A1F433C49009AD662 /* EISAirTests.m */ = {isa = PBXFileReference; lastKnownFileType = sourcecode.c.objc; path = EISAirTests.m; sourceTree = "<group>"; };
		6E68854C1F433C49009AD662 /* Info.plist */ = {isa = PBXFileReference; lastKnownFileType = text.plist.xml; path = Info.plist; sourceTree = "<group>"; };
		96388FFD4F742D805950B839 /* libPods-EISAir.a */ = {isa = PBXFileReference; explicitFileType = archive.ar; includeInIndex = 0; path = "libPods-EISAir.a"; sourceTree = BUILT_PRODUCTS_DIR; };
		C5213142B48C8276E4B76135 /* Pods-EISAir.debug.xcconfig */ = {isa = PBXFileReference; includeInIndex = 1; lastKnownFileType = text.xcconfig; name = "Pods-EISAir.debug.xcconfig"; path = "Pods/Target Support Files/Pods-EISAir/Pods-EISAir.debug.xcconfig"; sourceTree = "<group>"; };
		D677BF13055C157E3A660E7F /* Pods-EISAir.release.xcconfig */ = {isa = PBXFileReference; includeInIndex = 1; lastKnownFileType = text.xcconfig; name = "Pods-EISAir.release.xcconfig"; path = "Pods/Target Support Files/Pods-EISAir/Pods-EISAir.release.xcconfig"; sourceTree = "<group>"; };
		E57558C003FAC9E8341CEA24 /* Pods-EISAirTests.debug.xcconfig */ = {isa = PBXFileReference; includeInIndex = 1; lastKnownFileType = text.xcconfig; name = "Pods-EISAirTests.debug.xcconfig"; path = "Pods/Target Support Files/Pods-EISAirTests/Pods-EISAirTests.debug.xcconfig"; sourceTree = "<group>"; };
/* End PBXFileReference section */

/* Begin PBXFrameworksBuildPhase section */
		6E68852A1F433C49009AD662 /* Frameworks */ = {
			isa = PBXFrameworksBuildPhase;
			buildActionMask = 2147483647;
			files = (
				4807F75103AA91C2D3B76673 /* libPods-EISAir.a in Frameworks */,
			);
			runOnlyForDeploymentPostprocessing = 0;
		};
		6E6885431F433C49009AD662 /* Frameworks */ = {
			isa = PBXFrameworksBuildPhase;
			buildActionMask = 2147483647;
			files = (
				D76E41A2EC52C372D1DDD67C /* libPods-EISAirTests.a in Frameworks */,
			);
			runOnlyForDeploymentPostprocessing = 0;
		};
/* End PBXFrameworksBuildPhase section */

/* Begin PBXGroup section */
		39DE5B3BAE34C20442E10E16 /* Pods */ = {
			isa = PBXGroup;
			children = (
				C5213142B48C8276E4B76135 /* Pods-EISAir.debug.xcconfig */,
				D677BF13055C157E3A660E7F /* Pods-EISAir.release.xcconfig */,
				E57558C003FAC9E8341CEA24 /* Pods-EISAirTests.debug.xcconfig */,
				1E156D4ED41BBA69BD14DE38 /* Pods-EISAirTests.release.xcconfig */,
			);
			name = Pods;
			sourceTree = "<group>";
		};
		5E0369442AE5613BC41B6162 /* Frameworks */ = {
			isa = PBXGroup;
			children = (
				96388FFD4F742D805950B839 /* libPods-EISAir.a */,
				584BFDFE3D1AE1185885EF76 /* libPods-EISAirTests.a */,
			);
			name = Frameworks;
			sourceTree = "<group>";
		};
		6E6885241F433C49009AD662 = {
			isa = PBXGroup;
			children = (
				6E68852F1F433C49009AD662 /* EISAir */,
				6E6885491F433C49009AD662 /* EISAirTests */,
				6E68852E1F433C49009AD662 /* Products */,
				39DE5B3BAE34C20442E10E16 /* Pods */,
				5E0369442AE5613BC41B6162 /* Frameworks */,
			);
			sourceTree = "<group>";
		};
		6E68852E1F433C49009AD662 /* Products */ = {
			isa = PBXGroup;
			children = (
				6E68852D1F433C49009AD662 /* EISAir.app */,
				6E6885461F433C49009AD662 /* EISAirTests.xctest */,
			);
			name = Products;
			sourceTree = "<group>";
		};
		6E68852F1F433C49009AD662 /* EISAir */ = {
			isa = PBXGroup;
			children = (
				6E6885331F433C49009AD662 /* AppDelegate.h */,
				6E6885341F433C49009AD662 /* AppDelegate.m */,
				6E6885361F433C49009AD662 /* ViewController.h */,
				6E6885371F433C49009AD662 /* ViewController.m */,
				6E6885391F433C49009AD662 /* Main.storyboard */,
				6E68853C1F433C49009AD662 /* Assets.xcassets */,
				6E68853E1F433C49009AD662 /* LaunchScreen.storyboard */,
				6E6885411F433C49009AD662 /* Info.plist */,
				6E6885301F433C49009AD662 /* Supporting Files */,
			);
			path = EISAir;
			sourceTree = "<group>";
		};
		6E6885301F433C49009AD662 /* Supporting Files */ = {
			isa = PBXGroup;
			children = (
				6E6885311F433C49009AD662 /* main.m */,
			);
			name = "Supporting Files";
			sourceTree = "<group>";
		};
		6E6885491F433C49009AD662 /* EISAirTests */ = {
			isa = PBXGroup;
			children = (
				6E68854A1F433C49009AD662 /* EISAirTests.m */,
				6E68854C1F433C49009AD662 /* Info.plist */,
			);
			path = EISAirTests;
			sourceTree = "<group>";
		};
/* End PBXGroup section */

/* Begin PBXNativeTarget section */
		6E68852C1F433C49009AD662 /* EISAir */ = {
			isa = PBXNativeTarget;
			buildConfigurationList = 6E68854F1F433C49009AD662 /* Build configuration list for PBXNativeTarget "EISAir" */;
			buildPhases = (
				161D0A0269C4B47DA2031061 /* [CP] Check Pods Manifest.lock */,
				6E6885291F433C49009AD662 /* Sources */,
				6E68852A1F433C49009AD662 /* Frameworks */,
				6E68852B1F433C49009AD662 /* Resources */,
				C9DAA83363D667A1C43F29DA /* [CP] Embed Pods Frameworks */,
				2B9996A137F9055B0F2D2AB6 /* [CP] Copy Pods Resources */,
			);
			buildRules = (
			);
			dependencies = (
			);
			name = EISAir;
			productName = EISAir;
			productReference = 6E68852D1F433C49009AD662 /* EISAir.app */;
			productType = "com.apple.product-type.application";
		};
		6E6885451F433C49009AD662 /* EISAirTests */ = {
			isa = PBXNativeTarget;
			buildConfigurationList = 6E6885521F433C49009AD662 /* Build configuration list for PBXNativeTarget "EISAirTests" */;
			buildPhases = (
				1B3B4F6BC9B23D20CC2E52F1 /* [CP] Check Pods Manifest.lock */,
				6E6885421F433C49009AD662 /* Sources */,
				6E6885431F433C49009AD662 /* Frameworks */,
				6E6885441F433C49009AD662 /* Resources */,
				0AA515B1EE35D95CEE0050F3 /* [CP] Embed Pods Frameworks */,
				AB1C5B275A790556D2A6545D /* [CP] Copy Pods Resources */,
			);
			buildRules = (
			);
			dependencies = (
				6E6885481F433C49009AD662 /* PBXTargetDependency */,
			);
			name = EISAirTests;
			productName = EISAirTests;
			productReference = 6E6885461F433C49009AD662 /* EISAirTests.xctest */;
			productType = "com.apple.product-type.bundle.unit-test";
		};
/* End PBXNativeTarget section */

/* Begin PBXProject section */
		6E6885251F433C49009AD662 /* Project object */ = {
			isa = PBXProject;
			attributes = {
				LastUpgradeCheck = 0830;
				ORGANIZATIONNAME = onesmile;
				TargetAttributes = {
					6E68852C1F433C49009AD662 = {
						CreatedOnToolsVersion = 8.3.3;
						ProvisioningStyle = Automatic;
					};
					6E6885451F433C49009AD662 = {
						CreatedOnToolsVersion = 8.3.3;
						ProvisioningStyle = Automatic;
						TestTargetID = 6E68852C1F433C49009AD662;
					};
				};
			};
			buildConfigurationList = 6E6885281F433C49009AD662 /* Build configuration list for PBXProject "EISAir" */;
			compatibilityVersion = "Xcode 3.2";
			developmentRegion = English;
			hasScannedForEncodings = 0;
			knownRegions = (
				en,
				Base,
			);
			mainGroup = 6E6885241F433C49009AD662;
			productRefGroup = 6E68852E1F433C49009AD662 /* Products */;
			projectDirPath = "";
			projectRoot = "";
			targets = (
				6E68852C1F433C49009AD662 /* EISAir */,
				6E6885451F433C49009AD662 /* EISAirTests */,
			);
		};
/* End PBXProject section */

/* Begin PBXResourcesBuildPhase section */
		6E68852B1F433C49009AD662 /* Resources */ = {
			isa = PBXResourcesBuildPhase;
			buildActionMask = 2147483647;
			files = (
				6E6885401F433C49009AD662 /* LaunchScreen.storyboard in Resources */,
				6E68853D1F433C49009AD662 /* Assets.xcassets in Resources */,
				6E68853B1F433C49009AD662 /* Main.storyboard in Resources */,
			);
			runOnlyForDeploymentPostprocessing = 0;
		};
		6E6885441F433C49009AD662 /* Resources */ = {
			isa = PBXResourcesBuildPhase;
			buildActionMask = 2147483647;
			files = (
			);
			runOnlyForDeploymentPostprocessing = 0;
		};
/* End PBXResourcesBuildPhase section */

/* Begin PBXShellScriptBuildPhase section */
		0AA515B1EE35D95CEE0050F3 /* [CP] Embed Pods Frameworks */ = {
			isa = PBXShellScriptBuildPhase;
			buildActionMask = 2147483647;
			files = (
			);
			inputPaths = (
			);
			name = "[CP] Embed Pods Frameworks";
			outputPaths = (
			);
			runOnlyForDeploymentPostprocessing = 0;
			shellPath = /bin/sh;
			shellScript = "\"${SRCROOT}/Pods/Target Support Files/Pods-EISAirTests/Pods-EISAirTests-frameworks.sh\"\n";
			showEnvVarsInLog = 0;
		};
		161D0A0269C4B47DA2031061 /* [CP] Check Pods Manifest.lock */ = {
			isa = PBXShellScriptBuildPhase;
			buildActionMask = 2147483647;
			files = (
			);
			inputPaths = (
			);
			name = "[CP] Check Pods Manifest.lock";
			outputPaths = (
			);
			runOnlyForDeploymentPostprocessing = 0;
			shellPath = /bin/sh;
			shellScript = "diff \"${PODS_ROOT}/../Podfile.lock\" \"${PODS_ROOT}/Manifest.lock\" > /dev/null\nif [ $? != 0 ] ; then\n    # print error to STDERR\n    echo \"error: The sandbox is not in sync with the Podfile.lock. Run 'pod install' or update your CocoaPods installation.\" >&2\n    exit 1\nfi\n";
			showEnvVarsInLog = 0;
		};
		1B3B4F6BC9B23D20CC2E52F1 /* [CP] Check Pods Manifest.lock */ = {
			isa = PBXShellScriptBuildPhase;
			buildActionMask = 2147483647;
			files = (
			);
			inputPaths = (
			);
			name = "[CP] Check Pods Manifest.lock";
			outputPaths = (
			);
			runOnlyForDeploymentPostprocessing = 0;
			shellPath = /bin/sh;
			shellScript = "diff \"${PODS_ROOT}/../Podfile.lock\" \"${PODS_ROOT}/Manifest.lock\" > /dev/null\nif [ $? != 0 ] ; then\n    # print error to STDERR\n    echo \"error: The sandbox is not in sync with the Podfile.lock. Run 'pod install' or update your CocoaPods installation.\" >&2\n    exit 1\nfi\n";
			showEnvVarsInLog = 0;
		};
		2B9996A137F9055B0F2D2AB6 /* [CP] Copy Pods Resources */ = {
			isa = PBXShellScriptBuildPhase;
			buildActionMask = 2147483647;
			files = (
			);
			inputPaths = (
			);
			name = "[CP] Copy Pods Resources";
			outputPaths = (
			);
			runOnlyForDeploymentPostprocessing = 0;
			shellPath = /bin/sh;
			shellScript = "\"${SRCROOT}/Pods/Target Support Files/Pods-EISAir/Pods-EISAir-resources.sh\"\n";
			showEnvVarsInLog = 0;
		};
		AB1C5B275A790556D2A6545D /* [CP] Copy Pods Resources */ = {
			isa = PBXShellScriptBuildPhase;
			buildActionMask = 2147483647;
			files = (
			);
			inputPaths = (
			);
			name = "[CP] Copy Pods Resources";
			outputPaths = (
			);
			runOnlyForDeploymentPostprocessing = 0;
			shellPath = /bin/sh;
			shellScript = "\"${SRCROOT}/Pods/Target Support Files/Pods-EISAirTests/Pods-EISAirTests-resources.sh\"\n";
			showEnvVarsInLog = 0;
		};
		C9DAA83363D667A1C43F29DA /* [CP] Embed Pods Frameworks */ = {
			isa = PBXShellScriptBuildPhase;
			buildActionMask = 2147483647;
			files = (
			);
			inputPaths = (
			);
			name = "[CP] Embed Pods Frameworks";
			outputPaths = (
			);
			runOnlyForDeploymentPostprocessing = 0;
			shellPath = /bin/sh;
			shellScript = "\"${SRCROOT}/Pods/Target Support Files/Pods-EISAir/Pods-EISAir-frameworks.sh\"\n";
			showEnvVarsInLog = 0;
		};
/* End PBXShellScriptBuildPhase section */

/* Begin PBXSourcesBuildPhase section */
		6E6885291F433C49009AD662 /* Sources */ = {
			isa = PBXSourcesBuildPhase;
			buildActionMask = 2147483647;
			files = (
				6E6885381F433C49009AD662 /* ViewController.m in Sources */,
				6E6885351F433C49009AD662 /* AppDelegate.m in Sources */,
				6E6885321F433C49009AD662 /* main.m in Sources */,
			);
			runOnlyForDeploymentPostprocessing = 0;
		};
		6E6885421F433C49009AD662 /* Sources */ = {
			isa = PBXSourcesBuildPhase;
			buildActionMask = 2147483647;
			files = (
				6E68854B1F433C49009AD662 /* EISAirTests.m in Sources */,
			);
			runOnlyForDeploymentPostprocessing = 0;
		};
/* End PBXSourcesBuildPhase section */

/* Begin PBXTargetDependency section */
		6E6885481F433C49009AD662 /* PBXTargetDependency */ = {
			isa = PBXTargetDependency;
			target = 6E68852C1F433C49009AD662 /* EISAir */;
			targetProxy = 6E6885471F433C49009AD662 /* PBXContainerItemProxy */;
		};
/* End PBXTargetDependency section */

/* Begin PBXVariantGroup section */
		6E6885391F433C49009AD662 /* Main.storyboard */ = {
			isa = PBXVariantGroup;
			children = (
				6E68853A1F433C49009AD662 /* Base */,
			);
			name = Main.storyboard;
			sourceTree = "<group>";
		};
		6E68853E1F433C49009AD662 /* LaunchScreen.storyboard */ = {
			isa = PBXVariantGroup;
			children = (
				6E68853F1F433C49009AD662 /* Base */,
			);
			name = LaunchScreen.storyboard;
			sourceTree = "<group>";
		};
/* End PBXVariantGroup section */

/* Begin XCBuildConfiguration section */
		6E68854D1F433C49009AD662 /* Debug */ = {
			isa = XCBuildConfiguration;
			buildSettings = {
				ALWAYS_SEARCH_USER_PATHS = NO;
				CLANG_ANALYZER_NONNULL = YES;
				CLANG_ANALYZER_NUMBER_OBJECT_CONVERSION = YES_AGGRESSIVE;
				CLANG_CXX_LANGUAGE_STANDARD = "gnu++0x";
				CLANG_CXX_LIBRARY = "libc++";
				CLANG_ENABLE_MODULES = YES;
				CLANG_ENABLE_OBJC_ARC = YES;
				CLANG_WARN_BOOL_CONVERSION = YES;
				CLANG_WARN_CONSTANT_CONVERSION = YES;
				CLANG_WARN_DIRECT_OBJC_ISA_USAGE = YES_ERROR;
				CLANG_WARN_DOCUMENTATION_COMMENTS = YES;
				CLANG_WARN_EMPTY_BODY = YES;
				CLANG_WARN_ENUM_CONVERSION = YES;
				CLANG_WARN_INFINITE_RECURSION = YES;
				CLANG_WARN_INT_CONVERSION = YES;
				CLANG_WARN_OBJC_ROOT_CLASS = YES_ERROR;
				CLANG_WARN_SUSPICIOUS_MOVE = YES;
				CLANG_WARN_UNREACHABLE_CODE = YES;
				CLANG_WARN__DUPLICATE_METHOD_MATCH = YES;
				"CODE_SIGN_IDENTITY[sdk=iphoneos*]" = "iPhone Developer";
				COPY_PHASE_STRIP = NO;
				DEBUG_INFORMATION_FORMAT = dwarf;
				ENABLE_STRICT_OBJC_MSGSEND = YES;
				ENABLE_TESTABILITY = YES;
				GCC_C_LANGUAGE_STANDARD = gnu99;
				GCC_DYNAMIC_NO_PIC = NO;
				GCC_NO_COMMON_BLOCKS = YES;
				GCC_OPTIMIZATION_LEVEL = 0;
				GCC_PREPROCESSOR_DEFINITIONS = (
					"DEBUG=1",
					"$(inherited)",
				);
				GCC_WARN_64_TO_32_BIT_CONVERSION = YES;
				GCC_WARN_ABOUT_RETURN_TYPE = YES_ERROR;
				GCC_WARN_UNDECLARED_SELECTOR = YES;
				GCC_WARN_UNINITIALIZED_AUTOS = YES_AGGRESSIVE;
				GCC_WARN_UNUSED_FUNCTION = YES;
				GCC_WARN_UNUSED_VARIABLE = YES;
				IPHONEOS_DEPLOYMENT_TARGET = 10.3;
				MTL_ENABLE_DEBUG_INFO = YES;
				ONLY_ACTIVE_ARCH = YES;
				SDKROOT = iphoneos;
			};
			name = Debug;
		};
		6E68854E1F433C49009AD662 /* Release */ = {
			isa = XCBuildConfiguration;
			buildSettings = {
				ALWAYS_SEARCH_USER_PATHS = NO;
				CLANG_ANALYZER_NONNULL = YES;
				CLANG_ANALYZER_NUMBER_OBJECT_CONVERSION = YES_AGGRESSIVE;
				CLANG_CXX_LANGUAGE_STANDARD = "gnu++0x";
				CLANG_CXX_LIBRARY = "libc++";
				CLANG_ENABLE_MODULES = YES;
				CLANG_ENABLE_OBJC_ARC = YES;
				CLANG_WARN_BOOL_CONVERSION = YES;
				CLANG_WARN_CONSTANT_CONVERSION = YES;
				CLANG_WARN_DIRECT_OBJC_ISA_USAGE = YES_ERROR;
				CLANG_WARN_DOCUMENTATION_COMMENTS = YES;
				CLANG_WARN_EMPTY_BODY = YES;
				CLANG_WARN_ENUM_CONVERSION = YES;
				CLANG_WARN_INFINITE_RECURSION = YES;
				CLANG_WARN_INT_CONVERSION = YES;
				CLANG_WARN_OBJC_ROOT_CLASS = YES_ERROR;
				CLANG_WARN_SUSPICIOUS_MOVE = YES;
				CLANG_WARN_UNREACHABLE_CODE = YES;
				CLANG_WARN__DUPLICATE_METHOD_MATCH = YES;
				"CODE_SIGN_IDENTITY[sdk=iphoneos*]" = "iPhone Developer";
				COPY_PHASE_STRIP = NO;
				DEBUG_INFORMATION_FORMAT = "dwarf-with-dsym";
				ENABLE_NS_ASSERTIONS = NO;
				ENABLE_STRICT_OBJC_MSGSEND = YES;
				GCC_C_LANGUAGE_STANDARD = gnu99;
				GCC_NO_COMMON_BLOCKS = YES;
				GCC_WARN_64_TO_32_BIT_CONVERSION = YES;
				GCC_WARN_ABOUT_RETURN_TYPE = YES_ERROR;
				GCC_WARN_UNDECLARED_SELECTOR = YES;
				GCC_WARN_UNINITIALIZED_AUTOS = YES_AGGRESSIVE;
				GCC_WARN_UNUSED_FUNCTION = YES;
				GCC_WARN_UNUSED_VARIABLE = YES;
				IPHONEOS_DEPLOYMENT_TARGET = 10.3;
				MTL_ENABLE_DEBUG_INFO = NO;
				SDKROOT = iphoneos;
				VALIDATE_PRODUCT = YES;
			};
			name = Release;
		};
		6E6885501F433C49009AD662 /* Debug */ = {
			isa = XCBuildConfiguration;
			baseConfigurationReference = C5213142B48C8276E4B76135 /* Pods-EISAir.debug.xcconfig */;
			buildSettings = {
				ASSETCATALOG_COMPILER_APPICON_NAME = AppIcon;
				INFOPLIST_FILE = EISAir/Info.plist;
				LD_RUNPATH_SEARCH_PATHS = "$(inherited) @executable_path/Frameworks";
				PRODUCT_BUNDLE_IDENTIFIER = com.onesmile.EISAir;
				PRODUCT_NAME = "$(TARGET_NAME)";
			};
			name = Debug;
		};
		6E6885511F433C49009AD662 /* Release */ = {
			isa = XCBuildConfiguration;
			baseConfigurationReference = D677BF13055C157E3A660E7F /* Pods-EISAir.release.xcconfig */;
			buildSettings = {
				ASSETCATALOG_COMPILER_APPICON_NAME = AppIcon;
				INFOPLIST_FILE = EISAir/Info.plist;
				LD_RUNPATH_SEARCH_PATHS = "$(inherited) @executable_path/Frameworks";
				PRODUCT_BUNDLE_IDENTIFIER = com.onesmile.EISAir;
				PRODUCT_NAME = "$(TARGET_NAME)";
			};
			name = Release;
		};
		6E6885531F433C49009AD662 /* Debug */ = {
			isa = XCBuildConfiguration;
			baseConfigurationReference = E57558C003FAC9E8341CEA24 /* Pods-EISAirTests.debug.xcconfig */;
			buildSettings = {
				BUNDLE_LOADER = "$(TEST_HOST)";
				INFOPLIST_FILE = EISAirTests/Info.plist;
				LD_RUNPATH_SEARCH_PATHS = "$(inherited) @executable_path/Frameworks @loader_path/Frameworks";
				PRODUCT_BUNDLE_IDENTIFIER = com.onesmile.EISAirTests;
				PRODUCT_NAME = "$(TARGET_NAME)";
				TEST_HOST = "$(BUILT_PRODUCTS_DIR)/EISAir.app/EISAir";
			};
			name = Debug;
		};
		6E6885541F433C49009AD662 /* Release */ = {
			isa = XCBuildConfiguration;
			baseConfigurationReference = 1E156D4ED41BBA69BD14DE38 /* Pods-EISAirTests.release.xcconfig */;
			buildSettings = {
				BUNDLE_LOADER = "$(TEST_HOST)";
				INFOPLIST_FILE = EISAirTests/Info.plist;
				LD_RUNPATH_SEARCH_PATHS = "$(inherited) @executable_path/Frameworks @loader_path/Frameworks";
				PRODUCT_BUNDLE_IDENTIFIER = com.onesmile.EISAirTests;
				PRODUCT_NAME = "$(TARGET_NAME)";
				TEST_HOST = "$(BUILT_PRODUCTS_DIR)/EISAir.app/EISAir";
			};
			name = Release;
		};
/* End XCBuildConfiguration section */

/* Begin XCConfigurationList section */
		6E6885281F433C49009AD662 /* Build configuration list for PBXProject "EISAir" */ = {
			isa = XCConfigurationList;
			buildConfigurations = (
				6E68854D1F433C49009AD662 /* Debug */,
				6E68854E1F433C49009AD662 /* Release */,
			);
			defaultConfigurationIsVisible = 0;
			defaultConfigurationName = Release;
		};
		6E68854F1F433C49009AD662 /* Build configuration list for PBXNativeTarget "EISAir" */ = {
			isa = XCConfigurationList;
			buildConfigurations = (
				6E6885501F433C49009AD662 /* Debug */,
				6E6885511F433C49009AD662 /* Release */,
			);
			defaultConfigurationIsVisible = 0;
		};
		6E6885521F433C49009AD662 /* Build configuration list for PBXNativeTarget "EISAirTests" */ = {
			isa = XCConfigurationList;
			buildConfigurations = (
				6E6885531F433C49009AD662 /* Debug */,
				6E6885541F433C49009AD662 /* Release */,
			);
			defaultConfigurationIsVisible = 0;
		};
/* End XCConfigurationList section */
	};
	rootObject = 6E6885251F433C49009AD662 /* Project object */;
}
